
Microsoft Visual Studio Solution File, Format Version 12.00
# Visual Studio Version 17
VisualStudioVersion = 17.12.35707.178 d17.12
MinimumVisualStudioVersion = 10.0.40219.1
Project("{FAE04EC0-301F-11D3-BF4B-00C04F79EFBC}") = "HC4U 2.0", "HC4U 2.0\HC4U 2.0.csproj", "{55BB117F-CD4B-4AFF-BB62-33F944CF1E6A}"
EndProject
Global
	GlobalSection(SolutionConfigurationPlatforms) = preSolution
		Debug|Any CPU = Debug|Any CPU
		Debug|x64 = Debug|x64
		HC4U|Any CPU = HC4U|Any CPU
		HC4U|x64 = HC4U|x64
		Release|Any CPU = Release|Any CPU
		Release|x64 = Release|x64
	EndGlobalSection
	GlobalSection(ProjectConfigurationPlatforms) = postSolution
		{55BB117F-CD4B-4AFF-BB62-33F944CF1E6A}.Debug|Any CPU.ActiveCfg = Debug|Any CPU
		{55BB117F-CD4B-4AFF-BB62-33F944CF1E6A}.Debug|Any CPU.Build.0 = Debug|Any CPU
		{55BB117F-CD4B-4AFF-BB62-33F944CF1E6A}.Debug|x64.ActiveCfg = Debug|x64
		{55BB117F-CD4B-4AFF-BB62-33F944CF1E6A}.Debug|x64.Build.0 = Debug|x64
		{55BB117F-CD4B-4AFF-BB62-33F944CF1E6A}.HC4U|Any CPU.ActiveCfg = HC4U|Any CPU
		{55BB117F-CD4B-4AFF-BB62-33F944CF1E6A}.HC4U|Any CPU.Build.0 = HC4U|Any CPU
		{55BB117F-CD4B-4AFF-BB62-33F944CF1E6A}.HC4U|x64.ActiveCfg = HC4U|x64
		{55BB117F-CD4B-4AFF-BB62-33F944CF1E6A}.HC4U|x64.Build.0 = HC4U|x64
		{55BB117F-CD4B-4AFF-BB62-33F944CF1E6A}.Release|Any CPU.ActiveCfg = Release|Any CPU
		{55BB117F-CD4B-4AFF-BB62-33F944CF1E6A}.Release|Any CPU.Build.0 = Release|Any CPU
		{55BB117F-CD4B-4AFF-BB62-33F944CF1E6A}.Release|x64.ActiveCfg = Release|x64
		{55BB117F-CD4B-4AFF-BB62-33F944CF1E6A}.Release|x64.Build.0 = Release|x64
	EndGlobalSection
	GlobalSection(SolutionProperties) = preSolution
		HideSolutionNode = FALSE
	EndGlobalSection
EndGlobal
